
Microsoft Visual Studio Solution File, Format Version 12.00
# Visual Studio Version 16
VisualStudioVersion = 16.0.30804.86
MinimumVisualStudioVersion = 10.0.40219.1
Project("{FAE04EC0-301F-11D3-BF4B-00C04F79EFBC}") = "Your Time", "Your Time\Your Time.csproj", "{726A2E40-7E6F-4816-9D2F-E1306026F207}"
EndProject
Global
	GlobalSection(SolutionConfigurationPlatforms) = preSolution
		Debug|Any CPU = Debug|Any CPU
		Release|Any CPU = Release|Any CPU
	EndGlobalSection
	GlobalSection(ProjectConfigurationPlatforms) = postSolution
		{726A2E40-7E6F-4816-9D2F-E1306026F207}.Debug|Any CPU.ActiveCfg = Debug|Any CPU
		{726A2E40-7E6F-4816-9D2F-E1306026F207}.Debug|Any CPU.Build.0 = Debug|Any CPU
		{726A2E40-7E6F-4816-9D2F-E1306026F207}.Release|Any CPU.ActiveCfg = Release|Any CPU
		{726A2E40-7E6F-4816-9D2F-E1306026F207}.Release|Any CPU.Build.0 = Release|Any CPU
	EndGlobalSection
	GlobalSection(SolutionProperties) = preSolution
		HideSolutionNode = FALSE
	EndGlobalSection
	GlobalSection(ExtensibilityGlobals) = postSolution
		SolutionGuid = {115065C4-E125-4506-A49C-79EECF44BD8F}
	EndGlobalSection
EndGlobal
